{
  "version": 4,
  "terraform_version": "1.6.5",
  "serial": 8,
  "lineage": "6add650e-b900-0f79-e043-fc0a7286c7ec",
  "outputs": {},
  "resources": [
    {
      "mode": "managed",
      "type": "aws_iam_user",
      "name": "iamuser",
      "provider": "provider[\"registry.terraform.io/hashicorp/aws\"]",
      "instances": [
        {
          "index_key": "user1",
          "schema_version": 0,
          "attributes": {
            "arn": "arn:aws:iam::793788372646:user/user1",
            "force_destroy": false,
            "id": "user1",
            "name": "user1",
            "path": "/",
            "permissions_boundary": "",
            "tags": {
              "country": "Denmark",
              "dept": "dev"
            },
            "tags_all": {
              "country": "Denmark",
              "dept": "dev"
            },
            "unique_id": "AIDA3RULZK2TF25ZFZI4F"
          },
          "sensitive_attributes": [],
          "private": "bnVsbA=="
        },
        {
          "index_key": "user2",
          "schema_version": 0,
          "attributes": {
            "arn": "arn:aws:iam::793788372646:user/user2",
            "force_destroy": false,
            "id": "user2",
            "name": "user2",
            "path": "/",
            "permissions_boundary": "",
            "tags": {
              "country": "Germany",
              "dept": "staging"
            },
            "tags_all": {
              "country": "Germany",
              "dept": "staging"
            },
            "unique_id": "AIDA3RULZK2TGRPCL4QNH"
          },
          "sensitive_attributes": [],
          "private": "bnVsbA=="
        },
        {
          "index_key": "user3",
          "schema_version": 0,
          "attributes": {
            "arn": "arn:aws:iam::793788372646:user/user3",
            "force_destroy": false,
            "id": "user3",
            "name": "user3",
            "path": "/",
            "permissions_boundary": "",
            "tags": {
              "country": "Sweeden",
              "dept": "prod"
            },
            "tags_all": {
              "country": "Sweeden",
              "dept": "prod"
            },
            "unique_id": "AIDA3RULZK2TLDF364EA2"
          },
          "sensitive_attributes": [],
          "private": "bnVsbA=="
        }
      ]
    }
  ],
  "check_results": null
}
